<Solution>
  <Configurations>
    <Platform Name="x64" />
    <Platform Name="x86" />
  </Configurations>
  <Project Path="Car_Class/Car_Class.vcxproj" Id="3f8959e0-dd66-4a59-b9b2-78ebe4a8357e" />
  <Project Path="Complex_Class/Complex_Class.vcxproj" Id="fe2e351b-745c-4f2f-acf6-01e487f9046f" />
  <Project Path="Lec04_Array_Class/Lec04_Array_Class.vcxproj" Id="313d8413-9ea6-4c94-ac9a-c05557287519" />
  <Project Path="Polynomial_Class/Polynomial_Class.vcxproj" Id="2eb8a651-acfa-40c8-a57a-5b6d41293d6d" />
</Solution>
